
Microsoft Visual Studio Solution File, Format Version 12.00
# Visual Studio 15
VisualStudioVersion = 15.0.28307.960
MinimumVisualStudioVersion = 10.0.40219.1
Project("{FAE04EC0-301F-11D3-BF4B-00C04F79EFBC}") = "BETApplicationMVC", "Anele.Shopify\BETApplicationMVC.csproj", "{A3CC512A-09D2-4C02-94D0-B113AE9CF904}"
EndProject
Project("{FAE04EC0-301F-11D3-BF4B-00C04F79EFBC}") = "BETApplication.Shopify.Data", "Anele.Shopify.Data\BETApplication.Shopify.Data.csproj", "{5C3DD4E7-ECB1-4648-8545-48C6511F6396}"
EndProject
Project("{FAE04EC0-301F-11D3-BF4B-00C04F79EFBC}") = "BETApplication.Shopify.Logic", "Anele.Shopify.Logic\BETApplication.Shopify.Logic.csproj", "{112E7E4D-FE06-4DCD-98BE-67DEEAFE9DBC}"
EndProject
Project("{FAE04EC0-301F-11D3-BF4B-00C04F79EFBC}") = "BETApplication.Shopify.Models", "Anele.Shopify.Models\BETApplication.Shopify.Models.csproj", "{23357661-ECB5-4573-8996-8D58B9EF788E}"
EndProject
Global
	GlobalSection(SolutionConfigurationPlatforms) = preSolution
		Debug|Any CPU = Debug|Any CPU
		Release|Any CPU = Release|Any CPU
	EndGlobalSection
	GlobalSection(ProjectConfigurationPlatforms) = postSolution
		{A3CC512A-09D2-4C02-94D0-B113AE9CF904}.Debug|Any CPU.ActiveCfg = Debug|Any CPU
		{A3CC512A-09D2-4C02-94D0-B113AE9CF904}.Debug|Any CPU.Build.0 = Debug|Any CPU
		{A3CC512A-09D2-4C02-94D0-B113AE9CF904}.Release|Any CPU.ActiveCfg = Release|Any CPU
		{A3CC512A-09D2-4C02-94D0-B113AE9CF904}.Release|Any CPU.Build.0 = Release|Any CPU
		{5C3DD4E7-ECB1-4648-8545-48C6511F6396}.Debug|Any CPU.ActiveCfg = Debug|Any CPU
		{5C3DD4E7-ECB1-4648-8545-48C6511F6396}.Debug|Any CPU.Build.0 = Debug|Any CPU
		{5C3DD4E7-ECB1-4648-8545-48C6511F6396}.Release|Any CPU.ActiveCfg = Release|Any CPU
		{5C3DD4E7-ECB1-4648-8545-48C6511F6396}.Release|Any CPU.Build.0 = Release|Any CPU
		{112E7E4D-FE06-4DCD-98BE-67DEEAFE9DBC}.Debug|Any CPU.ActiveCfg = Debug|Any CPU
		{112E7E4D-FE06-4DCD-98BE-67DEEAFE9DBC}.Debug|Any CPU.Build.0 = Debug|Any CPU
		{112E7E4D-FE06-4DCD-98BE-67DEEAFE9DBC}.Release|Any CPU.ActiveCfg = Release|Any CPU
		{112E7E4D-FE06-4DCD-98BE-67DEEAFE9DBC}.Release|Any CPU.Build.0 = Release|Any CPU
		{23357661-ECB5-4573-8996-8D58B9EF788E}.Debug|Any CPU.ActiveCfg = Debug|Any CPU
		{23357661-ECB5-4573-8996-8D58B9EF788E}.Debug|Any CPU.Build.0 = Debug|Any CPU
		{23357661-ECB5-4573-8996-8D58B9EF788E}.Release|Any CPU.ActiveCfg = Release|Any CPU
		{23357661-ECB5-4573-8996-8D58B9EF788E}.Release|Any CPU.Build.0 = Release|Any CPU
	EndGlobalSection
	GlobalSection(SolutionProperties) = preSolution
		HideSolutionNode = FALSE
	EndGlobalSection
	GlobalSection(ExtensibilityGlobals) = postSolution
		SolutionGuid = {A1FE064F-F282-4B1C-AC6D-F2C95AF9D877}
	EndGlobalSection
EndGlobal
